
Microsoft Visual Studio Solution File, Format Version 12.00
# Visual Studio Version 17
VisualStudioVersion = 17.5.33424.131
MinimumVisualStudioVersion = 10.0.40219.1
Project("{FAE04EC0-301F-11D3-BF4B-00C04F79EFBC}") = "InterpreterApp", "InterpreterApp\InterpreterApp.csproj", "{35C0E059-202E-4E36-BBDB-78B3F45D886E}"
EndProject
Global
	GlobalSection(SolutionConfigurationPlatforms) = preSolution
		Debug|Any CPU = Debug|Any CPU
		Release|Any CPU = Release|Any CPU
	EndGlobalSection
	GlobalSection(ProjectConfigurationPlatforms) = postSolution
		{35C0E059-202E-4E36-BBDB-78B3F45D886E}.Debug|Any CPU.ActiveCfg = Debug|Any CPU
		{35C0E059-202E-4E36-BBDB-78B3F45D886E}.Debug|Any CPU.Build.0 = Debug|Any CPU
		{35C0E059-202E-4E36-BBDB-78B3F45D886E}.Release|Any CPU.ActiveCfg = Release|Any CPU
		{35C0E059-202E-4E36-BBDB-78B3F45D886E}.Release|Any CPU.Build.0 = Release|Any CPU
	EndGlobalSection
	GlobalSection(SolutionProperties) = preSolution
		HideSolutionNode = FALSE
	EndGlobalSection
	GlobalSection(ExtensibilityGlobals) = postSolution
		SolutionGuid = {92AD9C6D-18A2-4DE0-9CD3-27650EAF36B2}
	EndGlobalSection
EndGlobal
